
Microsoft Visual Studio Solution File, Format Version 12.00
# Visual Studio Version 16
VisualStudioVersion = 16.0.31515.178
MinimumVisualStudioVersion = 10.0.40219.1
Project("{FAE04EC0-301F-11D3-BF4B-00C04F79EFBC}") = "SeleniumWebDriverTest", "SeleniumWebDriverTest\SeleniumWebDriverTest.csproj", "{08EBEA2D-1A24-405A-9F01-AC73A915FCBC}"
EndProject
Global
	GlobalSection(SolutionConfigurationPlatforms) = preSolution
		Debug|Any CPU = Debug|Any CPU
		Release|Any CPU = Release|Any CPU
	EndGlobalSection
	GlobalSection(ProjectConfigurationPlatforms) = postSolution
		{08EBEA2D-1A24-405A-9F01-AC73A915FCBC}.Debug|Any CPU.ActiveCfg = Debug|Any CPU
		{08EBEA2D-1A24-405A-9F01-AC73A915FCBC}.Debug|Any CPU.Build.0 = Debug|Any CPU
		{08EBEA2D-1A24-405A-9F01-AC73A915FCBC}.Release|Any CPU.ActiveCfg = Release|Any CPU
		{08EBEA2D-1A24-405A-9F01-AC73A915FCBC}.Release|Any CPU.Build.0 = Release|Any CPU
	EndGlobalSection
	GlobalSection(SolutionProperties) = preSolution
		HideSolutionNode = FALSE
	EndGlobalSection
	GlobalSection(ExtensibilityGlobals) = postSolution
		SolutionGuid = {C6AF3D80-8092-4E95-94E7-E24E1DEF2B17}
	EndGlobalSection
EndGlobal
